
Microsoft Visual Studio Solution File, Format Version 12.00
# Visual Studio 15
VisualStudioVersion = 15.0.27703.2042
MinimumVisualStudioVersion = 10.0.40219.1
Project("{FAE04EC0-301F-11D3-BF4B-00C04F79EFBC}") = "Task", "Task\Task.csproj", "{201B51C0-A152-47F3-BE8A-46C2DC3CF106}"
EndProject
Project("{FAE04EC0-301F-11D3-BF4B-00C04F79EFBC}") = "bNesis.Examples.DropboxApp.DownloadUpload", "bNesis.Examples.DropboxApp.DownloadUpload\bNesis.Examples.DropboxApp.DownloadUpload.csproj", "{058876F7-929B-4F56-AA70-CA1E69D3B3BF}"
EndProject
Global
	GlobalSection(SolutionConfigurationPlatforms) = preSolution
		Debug|Any CPU = Debug|Any CPU
		Release|Any CPU = Release|Any CPU
	EndGlobalSection
	GlobalSection(ProjectConfigurationPlatforms) = postSolution
		{201B51C0-A152-47F3-BE8A-46C2DC3CF106}.Debug|Any CPU.ActiveCfg = Debug|Any CPU
		{201B51C0-A152-47F3-BE8A-46C2DC3CF106}.Debug|Any CPU.Build.0 = Debug|Any CPU
		{201B51C0-A152-47F3-BE8A-46C2DC3CF106}.Release|Any CPU.ActiveCfg = Release|Any CPU
		{201B51C0-A152-47F3-BE8A-46C2DC3CF106}.Release|Any CPU.Build.0 = Release|Any CPU
		{058876F7-929B-4F56-AA70-CA1E69D3B3BF}.Debug|Any CPU.ActiveCfg = Debug|Any CPU
		{058876F7-929B-4F56-AA70-CA1E69D3B3BF}.Debug|Any CPU.Build.0 = Debug|Any CPU
		{058876F7-929B-4F56-AA70-CA1E69D3B3BF}.Release|Any CPU.ActiveCfg = Release|Any CPU
		{058876F7-929B-4F56-AA70-CA1E69D3B3BF}.Release|Any CPU.Build.0 = Release|Any CPU
	EndGlobalSection
	GlobalSection(SolutionProperties) = preSolution
		HideSolutionNode = FALSE
	EndGlobalSection
	GlobalSection(ExtensibilityGlobals) = postSolution
		SolutionGuid = {097B07A5-6101-4943-BB54-385312A9492D}
	EndGlobalSection
EndGlobal
